
Microsoft Visual Studio Solution File, Format Version 12.00
# Visual Studio Version 18
VisualStudioVersion = 18.6.11822.322 stable
MinimumVisualStudioVersion = 10.0.40219.1
Project("{8BC9CEB8-8B4A-11D0-8D11-00A0C91BC942}") = "HelloWorld", "examples\HelloWorld\HelloWorld.vcxproj", "{B12702AD-ABFB-343A-A199-8E24837244A3}"
EndProject
Project("{8BC9CEB8-8B4A-11D0-8D11-00A0C91BC942}") = "HelloQtGUI", "examples\HelloQtGUI\HelloQtGUI.vcxproj", "{0D162A56-B80E-449D-A082-1ED9EA263DBA}"
EndProject
Project("{8BC9CEB8-8B4A-11D0-8D11-00A0C91BC942}") = "Test2_1A", "Test2_1A\Test2_1A.vcxproj", "{F41D3D9D-555F-4919-B920-1E25E16F4D8E}"
EndProject
Project("{8BC9CEB8-8B4A-11D0-8D11-00A0C91BC942}") = "Test2_3A", "Test2_3A\Test2_3A.vcxproj", "{9F871004-F214-4B18-81A4-BCB0EDA13377}"
EndProject
Project("{8BC9CEB8-8B4A-11D0-8D11-00A0C91BC942}") = "Test3_3B", "Test3_3B\Test3_3B.vcxproj", "{420BFCC8-6FB4-451F-8F8D-080C33E621AA}"
EndProject
Project("{8BC9CEB8-8B4A-11D0-8D11-00A0C91BC942}") = "Test3_4A", "Test3_4A\Test3_4A.vcxproj", "{93BC167A-C9AE-4246-B5A8-72E51B84A8BE}"
EndProject
Project("{8BC9CEB8-8B4A-11D0-8D11-00A0C91BC942}") = "Test4_1A", "Test4_1A\Test4_1A.vcxproj", "{C175F741-0CC0-4512-AECD-A8E654C34B9D}"
EndProject
Project("{8BC9CEB8-8B4A-11D0-8D11-00A0C91BC942}") = "Test5_1A", "Test5_1A\Test5_1A.vcxproj", "{9DF5E2DB-2ED8-45F7-8C15-7921ECDE995D}"
EndProject
Project("{8BC9CEB8-8B4A-11D0-8D11-00A0C91BC942}") = "Test5_1B", "Test5_1B\Test5_1B.vcxproj", "{54C73D90-F77F-4EE5-8E65-BFF4457658FA}"
EndProject
Project("{8BC9CEB8-8B4A-11D0-8D11-00A0C91BC942}") = "Test5_2A", "Test5_2A\Test5_2A.vcxproj", "{6C7A04B6-7008-4833-8D60-C72C13DB6B75}"
EndProject
Project("{8BC9CEB8-8B4A-11D0-8D11-00A0C91BC942}") = "Test5_5A", "Test5_5A\Test5_5A.vcxproj", "{53DDCF8A-AB1D-45CC-84D4-C983E2015715}"
EndProject
Project("{8BC9CEB8-8B4A-11D0-8D11-00A0C91BC942}") = "Test5_3A", "Test5_3A\Test5_3A.vcxproj", "{416689FA-46BE-456F-B6B2-67B767FC0D78}"
EndProject
Project("{8BC9CEB8-8B4A-11D0-8D11-00A0C91BC942}") = "Test5_4A", "Test5_4A\Test5_4A.vcxproj", "{5CDC64F8-0256-433D-9864-AD11AD418F0D}"
EndProject
Project("{8BC9CEB8-8B4A-11D0-8D11-00A0C91BC942}") = "Test6_4A", "Test6_4A\Test6_4A.vcxproj", "{20ABCB08-E276-4765-BF80-DD4DE55FF912}"
EndProject
Project("{8BC9CEB8-8B4A-11D0-8D11-00A0C91BC942}") = "Test7_1A", "Test7_1A\Test7_1A.vcxproj", "{99EFC1CD-6C93-4769-87D8-2C4AD6B29F4E}"
EndProject
Project("{8BC9CEB8-8B4A-11D0-8D11-00A0C91BC942}") = "Test7_2A", "Test7_2A\Test7_2A.vcxproj", "{64F26475-FE7C-402D-81E5-A6A9312BAE14}"
EndProject
Project("{8BC9CEB8-8B4A-11D0-8D11-00A0C91BC942}") = "Test7_3A", "Test7_3A\Test7_3A.vcxproj", "{513681FA-1A4A-4DBE-8F9F-609D4C50A0D1}"
EndProject
Project("{8BC9CEB8-8B4A-11D0-8D11-00A0C91BC942}") = "Test8_2A", "Test8_2A\Test8_2A.vcxproj", "{61AA1D85-7955-467D-99D4-3E977D331C6F}"
EndProject
Project("{8BC9CEB8-8B4A-11D0-8D11-00A0C91BC942}") = "Test9_1A", "Test9_1A\Test9_1A.vcxproj", "{5D79DDCE-3010-4B94-8DC9-A66CB45E20D0}"
EndProject
Project("{8BC9CEB8-8B4A-11D0-8D11-00A0C91BC942}") = "Test9_1B", "Test9_1B\Test9_1B.vcxproj", "{7B7A0DCC-413A-4C8F-AE6F-1D0C2C3F4B67}"
EndProject
Project("{8BC9CEB8-8B4A-11D0-8D11-00A0C91BC942}") = "Test9_2A", "Test9_2A\Test9_2A.vcxproj", "{029E02F7-4029-403F-BB64-95880D781769}"
EndProject
Project("{8BC9CEB8-8B4A-11D0-8D11-00A0C91BC942}") = "Test10_1A", "Test10_1A\Test10_1A.vcxproj", "{0B40D5F2-FA3C-4A83-B6D3-DC5A1421A296}"
EndProject
Project("{8BC9CEB8-8B4A-11D0-8D11-00A0C91BC942}") = "Test10_2A", "Test10_2A\Test10_2A.vcxproj", "{1E0EF748-E28D-4347-998F-BB34FDB64BB6}"
EndProject
Project("{8BC9CEB8-8B4A-11D0-8D11-00A0C91BC942}") = "Test11_1A", "Test11_1A\Test11_1A.vcxproj", "{E40F6930-11F1-4ACA-889A-0315E237714B}"
EndProject
Project("{8BC9CEB8-8B4A-11D0-8D11-00A0C91BC942}") = "Test11_2A", "Test11_2A\Test11_2A.vcxproj", "{9A002716-69C3-41BE-9CE2-32B337652E87}"
EndProject
Project("{8BC9CEB8-8B4A-11D0-8D11-00A0C91BC942}") = "Test11_3A", "Test11_3A\Test11_3A.vcxproj", "{46FD6278-95FC-4C4B-ACFE-6A0D7215FF8C}"
EndProject
Project("{8BC9CEB8-8B4A-11D0-8D11-00A0C91BC942}") = "Test11_5A", "Test11_5A\Test11_5A.vcxproj", "{75BAEFE0-2169-4941-8FE7-7B95700D2227}"
EndProject
Project("{8BC9CEB8-8B4A-11D0-8D11-00A0C91BC942}") = "Test11_6A", "Test11_6A\Test11_6A.vcxproj", "{95ABAE5D-A538-440D-A542-458000166D00}"
EndProject
Project("{8BC9CEB8-8B4A-11D0-8D11-00A0C91BC942}") = "Test11_7A", "Test11_7A\Test11_7A.vcxproj", "{99FD6538-30E2-4F9C-B4EF-B66230B94AA8}"
EndProject
Project("{8BC9CEB8-8B4A-11D0-8D11-00A0C91BC942}") = "Test12_1A", "Test12_1A\Test12_1A.vcxproj", "{69E55A99-9EC7-47A3-B81C-2CD8E14277EB}"
EndProject
Project("{8BC9CEB8-8B4A-11D0-8D11-00A0C91BC942}") = "Test12_2A", "Test12_2A\Test12_2A.vcxproj", "{CF49F62D-8C8B-4143-AFC8-BDCF2B067B1C}"
EndProject
Project("{8BC9CEB8-8B4A-11D0-8D11-00A0C91BC942}") = "Test12_6B", "Test12_6B\Test12_6B.vcxproj", "{2F0DA287-0E42-4B22-84B1-BE326DC9B9A7}"
EndProject
Project("{8BC9CEB8-8B4A-11D0-8D11-00A0C91BC942}") = "Test13_7A", "Test13_7A\Test13_7A.vcxproj", "{F7AA04B8-881C-420B-B554-8925B4BCB812}"
EndProject
Project("{8BC9CEB8-8B4A-11D0-8D11-00A0C91BC942}") = "Test13_8A", "Test13_8A\Test13_8A.vcxproj", "{365BB0FE-E307-413F-9FC9-DFC5A44FA258}"
EndProject
Project("{8BC9CEB8-8B4A-11D0-8D11-00A0C91BC942}") = "Test15_1A", "Test15_1A\Test15_1A.vcxproj", "{9841FABC-07E9-4E66-B78B-3D0BDB1AE2ED}"
EndProject
Project("{8BC9CEB8-8B4A-11D0-8D11-00A0C91BC942}") = "Test8_3A", "Test8_3A\Test8_3A.vcxproj", "{55C14252-4601-4DC3-9439-969BF7FE2C2E}"
EndProject
Project("{8BC9CEB8-8B4A-11D0-8D11-00A0C91BC942}") = "Test1_2A", "Test1_2A\Test1_2A.vcxproj", "{9D0C4A78-B11D-45A7-BC36-9DBF7C86AA8D}"
EndProject
Project("{8BC9CEB8-8B4A-11D0-8D11-00A0C91BC942}") = "Test1_3A", "Test1_3A\Test1_3A.vcxproj", "{60529E92-0F18-47CC-801B-C1D8B50876A4}"
EndProject
Project("{8BC9CEB8-8B4A-11D0-8D11-00A0C91BC942}") = "Test2_2A", "Test2_2A\Test2_2A.vcxproj", "{FDA671D9-36F3-472C-98A4-BD406D738E68}"
EndProject
Project("{2150E333-8FDC-42A3-9474-1A3956D46DE8}") = "Solution Items", "Solution Items", "{78961A44-61CB-4AC9-B530-E8C6491C118E}"
	ProjectSection(SolutionItems) = preProject
		READMEc.txt = READMEc.txt
	EndProjectSection
EndProject
Global
	GlobalSection(SolutionConfigurationPlatforms) = preSolution
		Debug|x64 = Debug|x64
		Release|x64 = Release|x64
	EndGlobalSection
	GlobalSection(ProjectConfigurationPlatforms) = postSolution
		{B12702AD-ABFB-343A-A199-8E24837244A3}.Debug|x64.ActiveCfg = Debug|x64
		{B12702AD-ABFB-343A-A199-8E24837244A3}.Debug|x64.Build.0 = Debug|x64
		{B12702AD-ABFB-343A-A199-8E24837244A3}.Release|x64.ActiveCfg = Release|x64
		{B12702AD-ABFB-343A-A199-8E24837244A3}.Release|x64.Build.0 = Release|x64
		{0D162A56-B80E-449D-A082-1ED9EA263DBA}.Debug|x64.ActiveCfg = Debug|x64
		{0D162A56-B80E-449D-A082-1ED9EA263DBA}.Debug|x64.Build.0 = Debug|x64
		{0D162A56-B80E-449D-A082-1ED9EA263DBA}.Release|x64.ActiveCfg = Release|x64
		{0D162A56-B80E-449D-A082-1ED9EA263DBA}.Release|x64.Build.0 = Release|x64
		{F41D3D9D-555F-4919-B920-1E25E16F4D8E}.Debug|x64.ActiveCfg = Debug|x64
		{F41D3D9D-555F-4919-B920-1E25E16F4D8E}.Debug|x64.Build.0 = Debug|x64
		{F41D3D9D-555F-4919-B920-1E25E16F4D8E}.Release|x64.ActiveCfg = Release|x64
		{F41D3D9D-555F-4919-B920-1E25E16F4D8E}.Release|x64.Build.0 = Release|x64
		{9F871004-F214-4B18-81A4-BCB0EDA13377}.Debug|x64.ActiveCfg = Debug|x64
		{9F871004-F214-4B18-81A4-BCB0EDA13377}.Debug|x64.Build.0 = Debug|x64
		{9F871004-F214-4B18-81A4-BCB0EDA13377}.Release|x64.ActiveCfg = Release|x64
		{9F871004-F214-4B18-81A4-BCB0EDA13377}.Release|x64.Build.0 = Release|x64
		{420BFCC8-6FB4-451F-8F8D-080C33E621AA}.Debug|x64.ActiveCfg = Debug|x64
		{420BFCC8-6FB4-451F-8F8D-080C33E621AA}.Debug|x64.Build.0 = Debug|x64
		{420BFCC8-6FB4-451F-8F8D-080C33E621AA}.Release|x64.ActiveCfg = Release|x64
		{420BFCC8-6FB4-451F-8F8D-080C33E621AA}.Release|x64.Build.0 = Release|x64
		{93BC167A-C9AE-4246-B5A8-72E51B84A8BE}.Debug|x64.ActiveCfg = Debug|x64
		{93BC167A-C9AE-4246-B5A8-72E51B84A8BE}.Debug|x64.Build.0 = Debug|x64
		{93BC167A-C9AE-4246-B5A8-72E51B84A8BE}.Release|x64.ActiveCfg = Release|x64
		{93BC167A-C9AE-4246-B5A8-72E51B84A8BE}.Release|x64.Build.0 = Release|x64
		{C175F741-0CC0-4512-AECD-A8E654C34B9D}.Debug|x64.ActiveCfg = Debug|x64
		{C175F741-0CC0-4512-AECD-A8E654C34B9D}.Debug|x64.Build.0 = Debug|x64
		{C175F741-0CC0-4512-AECD-A8E654C34B9D}.Release|x64.ActiveCfg = Release|x64
		{C175F741-0CC0-4512-AECD-A8E654C34B9D}.Release|x64.Build.0 = Release|x64
		{9DF5E2DB-2ED8-45F7-8C15-7921ECDE995D}.Debug|x64.ActiveCfg = Debug|x64
		{9DF5E2DB-2ED8-45F7-8C15-7921ECDE995D}.Debug|x64.Build.0 = Debug|x64
		{9DF5E2DB-2ED8-45F7-8C15-7921ECDE995D}.Release|x64.ActiveCfg = Release|x64
		{9DF5E2DB-2ED8-45F7-8C15-7921ECDE995D}.Release|x64.Build.0 = Release|x64
		{54C73D90-F77F-4EE5-8E65-BFF4457658FA}.Debug|x64.ActiveCfg = Debug|x64
		{54C73D90-F77F-4EE5-8E65-BFF4457658FA}.Debug|x64.Build.0 = Debug|x64
		{54C73D90-F77F-4EE5-8E65-BFF4457658FA}.Release|x64.ActiveCfg = Release|x64
		{54C73D90-F77F-4EE5-8E65-BFF4457658FA}.Release|x64.Build.0 = Release|x64
		{6C7A04B6-7008-4833-8D60-C72C13DB6B75}.Debug|x64.ActiveCfg = Debug|x64
		{6C7A04B6-7008-4833-8D60-C72C13DB6B75}.Debug|x64.Build.0 = Debug|x64
		{6C7A04B6-7008-4833-8D60-C72C13DB6B75}.Release|x64.ActiveCfg = Release|x64
		{6C7A04B6-7008-4833-8D60-C72C13DB6B75}.Release|x64.Build.0 = Release|x64
		{53DDCF8A-AB1D-45CC-84D4-C983E2015715}.Debug|x64.ActiveCfg = Debug|x64
		{53DDCF8A-AB1D-45CC-84D4-C983E2015715}.Debug|x64.Build.0 = Debug|x64
		{53DDCF8A-AB1D-45CC-84D4-C983E2015715}.Release|x64.ActiveCfg = Release|x64
		{53DDCF8A-AB1D-45CC-84D4-C983E2015715}.Release|x64.Build.0 = Release|x64
		{416689FA-46BE-456F-B6B2-67B767FC0D78}.Debug|x64.ActiveCfg = Debug|x64
		{416689FA-46BE-456F-B6B2-67B767FC0D78}.Debug|x64.Build.0 = Debug|x64
		{416689FA-46BE-456F-B6B2-67B767FC0D78}.Release|x64.ActiveCfg = Release|x64
		{416689FA-46BE-456F-B6B2-67B767FC0D78}.Release|x64.Build.0 = Release|x64
		{5CDC64F8-0256-433D-9864-AD11AD418F0D}.Debug|x64.ActiveCfg = Debug|x64
		{5CDC64F8-0256-433D-9864-AD11AD418F0D}.Debug|x64.Build.0 = Debug|x64
		{5CDC64F8-0256-433D-9864-AD11AD418F0D}.Release|x64.ActiveCfg = Release|x64
		{5CDC64F8-0256-433D-9864-AD11AD418F0D}.Release|x64.Build.0 = Release|x64
		{20ABCB08-E276-4765-BF80-DD4DE55FF912}.Debug|x64.ActiveCfg = Debug|x64
		{20ABCB08-E276-4765-BF80-DD4DE55FF912}.Debug|x64.Build.0 = Debug|x64
		{20ABCB08-E276-4765-BF80-DD4DE55FF912}.Release|x64.ActiveCfg = Release|x64
		{20ABCB08-E276-4765-BF80-DD4DE55FF912}.Release|x64.Build.0 = Release|x64
		{99EFC1CD-6C93-4769-87D8-2C4AD6B29F4E}.Debug|x64.ActiveCfg = Debug|x64
		{99EFC1CD-6C93-4769-87D8-2C4AD6B29F4E}.Debug|x64.Build.0 = Debug|x64
		{99EFC1CD-6C93-4769-87D8-2C4AD6B29F4E}.Release|x64.ActiveCfg = Release|x64
		{99EFC1CD-6C93-4769-87D8-2C4AD6B29F4E}.Release|x64.Build.0 = Release|x64
		{64F26475-FE7C-402D-81E5-A6A9312BAE14}.Debug|x64.ActiveCfg = Debug|x64
		{64F26475-FE7C-402D-81E5-A6A9312BAE14}.Debug|x64.Build.0 = Debug|x64
		{64F26475-FE7C-402D-81E5-A6A9312BAE14}.Release|x64.ActiveCfg = Release|x64
		{64F26475-FE7C-402D-81E5-A6A9312BAE14}.Release|x64.Build.0 = Release|x64
		{513681FA-1A4A-4DBE-8F9F-609D4C50A0D1}.Debug|x64.ActiveCfg = Debug|x64
		{513681FA-1A4A-4DBE-8F9F-609D4C50A0D1}.Debug|x64.Build.0 = Debug|x64
		{513681FA-1A4A-4DBE-8F9F-609D4C50A0D1}.Release|x64.ActiveCfg = Release|x64
		{513681FA-1A4A-4DBE-8F9F-609D4C50A0D1}.Release|x64.Build.0 = Release|x64
		{61AA1D85-7955-467D-99D4-3E977D331C6F}.Debug|x64.ActiveCfg = Debug|x64
		{61AA1D85-7955-467D-99D4-3E977D331C6F}.Debug|x64.Build.0 = Debug|x64
		{61AA1D85-7955-467D-99D4-3E977D331C6F}.Release|x64.ActiveCfg = Release|x64
		{61AA1D85-7955-467D-99D4-3E977D331C6F}.Release|x64.Build.0 = Release|x64
		{5D79DDCE-3010-4B94-8DC9-A66CB45E20D0}.Debug|x64.ActiveCfg = Debug|x64
		{5D79DDCE-3010-4B94-8DC9-A66CB45E20D0}.Debug|x64.Build.0 = Debug|x64
		{5D79DDCE-3010-4B94-8DC9-A66CB45E20D0}.Release|x64.ActiveCfg = Release|x64
		{5D79DDCE-3010-4B94-8DC9-A66CB45E20D0}.Release|x64.Build.0 = Release|x64
		{7B7A0DCC-413A-4C8F-AE6F-1D0C2C3F4B67}.Debug|x64.ActiveCfg = Debug|x64
		{7B7A0DCC-413A-4C8F-AE6F-1D0C2C3F4B67}.Debug|x64.Build.0 = Debug|x64
		{7B7A0DCC-413A-4C8F-AE6F-1D0C2C3F4B67}.Release|x64.ActiveCfg = Release|x64
		{7B7A0DCC-413A-4C8F-AE6F-1D0C2C3F4B67}.Release|x64.Build.0 = Release|x64
		{029E02F7-4029-403F-BB64-95880D781769}.Debug|x64.ActiveCfg = Debug|x64
		{029E02F7-4029-403F-BB64-95880D781769}.Debug|x64.Build.0 = Debug|x64
		{029E02F7-4029-403F-BB64-95880D781769}.Release|x64.ActiveCfg = Release|x64
		{029E02F7-4029-403F-BB64-95880D781769}.Release|x64.Build.0 = Release|x64
		{0B40D5F2-FA3C-4A83-B6D3-DC5A1421A296}.Debug|x64.ActiveCfg = Debug|x64
		{0B40D5F2-FA3C-4A83-B6D3-DC5A1421A296}.Debug|x64.Build.0 = Debug|x64
		{0B40D5F2-FA3C-4A83-B6D3-DC5A1421A296}.Release|x64.ActiveCfg = Release|x64
		{0B40D5F2-FA3C-4A83-B6D3-DC5A1421A296}.Release|x64.Build.0 = Release|x64
		{1E0EF748-E28D-4347-998F-BB34FDB64BB6}.Debug|x64.ActiveCfg = Debug|x64
		{1E0EF748-E28D-4347-998F-BB34FDB64BB6}.Debug|x64.Build.0 = Debug|x64
		{1E0EF748-E28D-4347-998F-BB34FDB64BB6}.Release|x64.ActiveCfg = Release|x64
		{1E0EF748-E28D-4347-998F-BB34FDB64BB6}.Release|x64.Build.0 = Release|x64
		{E40F6930-11F1-4ACA-889A-0315E237714B}.Debug|x64.ActiveCfg = Debug|x64
		{E40F6930-11F1-4ACA-889A-0315E237714B}.Debug|x64.Build.0 = Debug|x64
		{E40F6930-11F1-4ACA-889A-0315E237714B}.Release|x64.ActiveCfg = Release|x64
		{E40F6930-11F1-4ACA-889A-0315E237714B}.Release|x64.Build.0 = Release|x64
		{9A002716-69C3-41BE-9CE2-32B337652E87}.Debug|x64.ActiveCfg = Debug|x64
		{9A002716-69C3-41BE-9CE2-32B337652E87}.Debug|x64.Build.0 = Debug|x64
		{9A002716-69C3-41BE-9CE2-32B337652E87}.Release|x64.ActiveCfg = Release|x64
		{9A002716-69C3-41BE-9CE2-32B337652E87}.Release|x64.Build.0 = Release|x64
		{46FD6278-95FC-4C4B-ACFE-6A0D7215FF8C}.Debug|x64.ActiveCfg = Debug|x64
		{46FD6278-95FC-4C4B-ACFE-6A0D7215FF8C}.Debug|x64.Build.0 = Debug|x64
		{46FD6278-95FC-4C4B-ACFE-6A0D7215FF8C}.Release|x64.ActiveCfg = Release|x64
		{46FD6278-95FC-4C4B-ACFE-6A0D7215FF8C}.Release|x64.Build.0 = Release|x64
		{75BAEFE0-2169-4941-8FE7-7B95700D2227}.Debug|x64.ActiveCfg = Debug|x64
		{75BAEFE0-2169-4941-8FE7-7B95700D2227}.Debug|x64.Build.0 = Debug|x64
		{75BAEFE0-2169-4941-8FE7-7B95700D2227}.Release|x64.ActiveCfg = Release|x64
		{75BAEFE0-2169-4941-8FE7-7B95700D2227}.Release|x64.Build.0 = Release|x64
		{95ABAE5D-A538-440D-A542-458000166D00}.Debug|x64.ActiveCfg = Debug|x64
		{95ABAE5D-A538-440D-A542-458000166D00}.Debug|x64.Build.0 = Debug|x64
		{95ABAE5D-A538-440D-A542-458000166D00}.Release|x64.ActiveCfg = Release|x64
		{95ABAE5D-A538-440D-A542-458000166D00}.Release|x64.Build.0 = Release|x64
		{99FD6538-30E2-4F9C-B4EF-B66230B94AA8}.Debug|x64.ActiveCfg = Debug|x64
		{99FD6538-30E2-4F9C-B4EF-B66230B94AA8}.Debug|x64.Build.0 = Debug|x64
		{99FD6538-30E2-4F9C-B4EF-B66230B94AA8}.Release|x64.ActiveCfg = Release|x64
		{99FD6538-30E2-4F9C-B4EF-B66230B94AA8}.Release|x64.Build.0 = Release|x64
		{69E55A99-9EC7-47A3-B81C-2CD8E14277EB}.Debug|x64.ActiveCfg = Debug|x64
		{69E55A99-9EC7-47A3-B81C-2CD8E14277EB}.Debug|x64.Build.0 = Debug|x64
		{69E55A99-9EC7-47A3-B81C-2CD8E14277EB}.Release|x64.ActiveCfg = Release|x64
		{69E55A99-9EC7-47A3-B81C-2CD8E14277EB}.Release|x64.Build.0 = Release|x64
		{CF49F62D-8C8B-4143-AFC8-BDCF2B067B1C}.Debug|x64.ActiveCfg = Debug|x64
		{CF49F62D-8C8B-4143-AFC8-BDCF2B067B1C}.Debug|x64.Build.0 = Debug|x64
		{CF49F62D-8C8B-4143-AFC8-BDCF2B067B1C}.Release|x64.ActiveCfg = Release|x64
		{CF49F62D-8C8B-4143-AFC8-BDCF2B067B1C}.Release|x64.Build.0 = Release|x64
		{2F0DA287-0E42-4B22-84B1-BE326DC9B9A7}.Debug|x64.ActiveCfg = Debug|x64
		{2F0DA287-0E42-4B22-84B1-BE326DC9B9A7}.Debug|x64.Build.0 = Debug|x64
		{2F0DA287-0E42-4B22-84B1-BE326DC9B9A7}.Release|x64.ActiveCfg = Release|x64
		{2F0DA287-0E42-4B22-84B1-BE326DC9B9A7}.Release|x64.Build.0 = Release|x64
		{F7AA04B8-881C-420B-B554-8925B4BCB812}.Debug|x64.ActiveCfg = Debug|x64
		{F7AA04B8-881C-420B-B554-8925B4BCB812}.Debug|x64.Build.0 = Debug|x64
		{F7AA04B8-881C-420B-B554-8925B4BCB812}.Release|x64.ActiveCfg = Release|x64
		{F7AA04B8-881C-420B-B554-8925B4BCB812}.Release|x64.Build.0 = Release|x64
		{365BB0FE-E307-413F-9FC9-DFC5A44FA258}.Debug|x64.ActiveCfg = Debug|x64
		{365BB0FE-E307-413F-9FC9-DFC5A44FA258}.Debug|x64.Build.0 = Debug|x64
		{365BB0FE-E307-413F-9FC9-DFC5A44FA258}.Release|x64.ActiveCfg = Release|x64
		{365BB0FE-E307-413F-9FC9-DFC5A44FA258}.Release|x64.Build.0 = Release|x64
		{9841FABC-07E9-4E66-B78B-3D0BDB1AE2ED}.Debug|x64.ActiveCfg = Debug|x64
		{9841FABC-07E9-4E66-B78B-3D0BDB1AE2ED}.Debug|x64.Build.0 = Debug|x64
		{9841FABC-07E9-4E66-B78B-3D0BDB1AE2ED}.Release|x64.ActiveCfg = Release|x64
		{9841FABC-07E9-4E66-B78B-3D0BDB1AE2ED}.Release|x64.Build.0 = Release|x64
		{55C14252-4601-4DC3-9439-969BF7FE2C2E}.Debug|x64.ActiveCfg = Debug|x64
		{55C14252-4601-4DC3-9439-969BF7FE2C2E}.Debug|x64.Build.0 = Debug|x64
		{55C14252-4601-4DC3-9439-969BF7FE2C2E}.Release|x64.ActiveCfg = Release|x64
		{55C14252-4601-4DC3-9439-969BF7FE2C2E}.Release|x64.Build.0 = Release|x64
		{9D0C4A78-B11D-45A7-BC36-9DBF7C86AA8D}.Debug|x64.ActiveCfg = Debug|x64
		{9D0C4A78-B11D-45A7-BC36-9DBF7C86AA8D}.Debug|x64.Build.0 = Debug|x64
		{9D0C4A78-B11D-45A7-BC36-9DBF7C86AA8D}.Release|x64.ActiveCfg = Release|x64
		{9D0C4A78-B11D-45A7-BC36-9DBF7C86AA8D}.Release|x64.Build.0 = Release|x64
		{60529E92-0F18-47CC-801B-C1D8B50876A4}.Debug|x64.ActiveCfg = Debug|x64
		{60529E92-0F18-47CC-801B-C1D8B50876A4}.Debug|x64.Build.0 = Debug|x64
		{60529E92-0F18-47CC-801B-C1D8B50876A4}.Release|x64.ActiveCfg = Release|x64
		{60529E92-0F18-47CC-801B-C1D8B50876A4}.Release|x64.Build.0 = Release|x64
		{FDA671D9-36F3-472C-98A4-BD406D738E68}.Debug|x64.ActiveCfg = Debug|x64
		{FDA671D9-36F3-472C-98A4-BD406D738E68}.Debug|x64.Build.0 = Debug|x64
		{FDA671D9-36F3-472C-98A4-BD406D738E68}.Release|x64.ActiveCfg = Release|x64
		{FDA671D9-36F3-472C-98A4-BD406D738E68}.Release|x64.Build.0 = Release|x64
	EndGlobalSection
	GlobalSection(SolutionProperties) = preSolution
		HideSolutionNode = FALSE
	EndGlobalSection
	GlobalSection(ExtensibilityGlobals) = postSolution
		SolutionGuid = {531FC7E1-47C4-460B-BCAC-E8360B7CB860}
	EndGlobalSection
EndGlobal
